PODS:
  - BaiduMapKit (3.2.1)
  - React/Core (0.39.2):
    - React/CSSLayout
  - React/CSSLayout (0.39.2)
  - React/RCTImage (0.39.2):
    - React/Core
    - React/RCTNetwork
  - React/RCTNetwork (0.39.2):
    - React/Core
  - React/RCTText (0.39.2):
    - React/Core
  - React/RCTWebSocket (0.39.2):
    - React/Core

DEPENDENCIES:
  - BaiduMapKit
  - React/Core (from `./node_modules/react-native`)
  - React/RCTImage (from `./node_modules/react-native`)
  - React/RCTNetwork (from `./node_modules/react-native`)
  - React/RCTText (from `./node_modules/react-native`)
  - React/RCTWebSocket (from `./node_modules/react-native`)

EXTERNAL SOURCES:
  React:
    :path: ./node_modules/react-native

SPEC CHECKSUMS:
  BaiduMapKit: 9c748785aa3dddfc41dcb70c14b21ce32f680930
  React: 8c26f75b7d3a78fd1ddad8ab0e40e1a3e945960a

PODFILE CHECKSUM: 6a9143ffa620250ce6f19e7c9372181b29714820

COCOAPODS: 1.0.0
